%{
  "decimal": {:hex, :decimal, "1.9.0", "83e8daf59631d632b171faabafb4a9f4242c514b0a06ba3df493951c08f64d07", [:mix], [], "hexpm", "b1f2343568eed6928f3e751cf2dffde95bfaa19dd95d09e8a9ea92ccfd6f7d85"},
  "dotenv": {:hex, :dotenv, "3.1.0", "d5a76bb17dc28acfb5236655bbe5776a1ffbdc8d3589fc992de0882b3ae4bc10", [:mix], [], "hexpm", "01bed84d21bedd8739aebad16489a3ce12d19c2d59af87377da65ebb361980d3"},
  "elixir_uuid": {:hex, :elixir_uuid, "1.2.1", "dce506597acb7e6b0daeaff52ff6a9043f5919a4c3315abb4143f0b00378c097", [:mix], [], "hexpm", "f7eba2ea6c3555cea09706492716b0d87397b88946e6380898c2889d68585752"},
  "nimble_options": {:hex, :nimble_options, "1.1.1", "e3a492d54d85fc3fd7c5baf411d9d2852922f66e69476317787a7b2bb000a61b", [:mix], [], "hexpm", "821b2470ca9442c4b6984882fe9bb0389371b8ddec4d45a9504f00a66f650b44"},
  "telemetry": {:hex, :telemetry, "1.2.1", "68fdfe8d8f05a8428483a97d7aab2f268aaff24b49e0f599faa091f1d4e7f61c", [:rebar3], [], "hexpm", "dad9ce9d8effc621708f99eac538ef1cbe05d6a874dd741de2e689c47feafed5"},
  "xandra": {:hex, :xandra, "0.19.0", "2c3ce5ad36153d57af150688d41deaf6e6c33656f13f43d2344ba03243e5bfac", [:mix], [{:decimal, "~> 1.7 or ~> 2.0", [hex: :decimal, repo: "hexpm", optional: true]}, {:nimble_options, "~> 1.0", [hex: :nimble_options, repo: "hexpm", optional: false]}, {:telemetry, "~> 0.4.3 or ~> 1.0", [hex: :telemetry, repo: "hexpm", optional: false]}], "hexpm", "2bd61bb9ba4a02d538e433ee9cc9179dcb4583c23e1edd9a819dab06031ce1c8"},
}
